// !$*UTF8*$!
{
	archiveVersion = 1;
	classes = {
	};
	objectVersion = 56;
	objects = {

/* Begin PBXBuildFile section */
		5E2078522C15C5C000758F1E /* GhostButton.swift in Sources */ = {isa = PBXBuildFile; fileRef = 5E2078512C15C5C000758F1E /* GhostButton.swift */; };
		5E2078552C15C77800758F1E /* ContainerView.swift in Sources */ = {isa = PBXBuildFile; fileRef = 5E2078542C15C77800758F1E /* ContainerView.swift */; };
		5E2078572C15FFEC00758F1E /* LaunchScreenRouter.swift in Sources */ = {isa = PBXBuildFile; fileRef = 5E2078562C15FFEC00758F1E /* LaunchScreenRouter.swift */; };
		5E20785D2C16198200758F1E /* LoginScreen.swift in Sources */ = {isa = PBXBuildFile; fileRef = 5E20785C2C16198200758F1E /* LoginScreen.swift */; };
		5E29658A2C10ECDD00A2704B /* FinnApp.swift in Sources */ = {isa = PBXBuildFile; fileRef = 5E2965892C10ECDD00A2704B /* FinnApp.swift */; };
		5E29658E2C10ECDE00A2704B /* Assets.xcassets in Resources */ = {isa = PBXBuildFile; fileRef = 5E29658D2C10ECDE00A2704B /* Assets.xcassets */; };
		5E2965912C10ECDE00A2704B /* Preview Assets.xcassets in Resources */ = {isa = PBXBuildFile; fileRef = 5E2965902C10ECDE00A2704B /* Preview Assets.xcassets */; };
		5E29659B2C10ECDF00A2704B /* FinnTests.swift in Sources */ = {isa = PBXBuildFile; fileRef = 5E29659A2C10ECDF00A2704B /* FinnTests.swift */; };
		5E2965CA2C10F4B000A2704B /* Poppins-Light.ttf in Resources */ = {isa = PBXBuildFile; fileRef = 5E2965B82C10F4AF00A2704B /* Poppins-Light.ttf */; };
		5E2965CC2C10F4B000A2704B /* Poppins-Regular.ttf in Resources */ = {isa = PBXBuildFile; fileRef = 5E2965BA2C10F4AF00A2704B /* Poppins-Regular.ttf */; };
		5E2965D22C10F4B000A2704B /* Poppins-Thin.ttf in Resources */ = {isa = PBXBuildFile; fileRef = 5E2965C02C10F4B000A2704B /* Poppins-Thin.ttf */; };
		5E2965D42C10F4B000A2704B /* Poppins-SemiBold.ttf in Resources */ = {isa = PBXBuildFile; fileRef = 5E2965C22C10F4B000A2704B /* Poppins-SemiBold.ttf */; };
		5E2965D72C10F4B000A2704B /* Poppins-Medium.ttf in Resources */ = {isa = PBXBuildFile; fileRef = 5E2965C52C10F4B000A2704B /* Poppins-Medium.ttf */; };
		5E2965DA2C10F4B000A2704B /* Poppins-Bold.ttf in Resources */ = {isa = PBXBuildFile; fileRef = 5E2965C82C10F4B000A2704B /* Poppins-Bold.ttf */; };
		5E2965DE2C10F71700A2704B /* Font+.swift in Sources */ = {isa = PBXBuildFile; fileRef = 5E2965DD2C10F71700A2704B /* Font+.swift */; };
		5E2965E02C10FC9E00A2704B /* Launch Screen.storyboard in Resources */ = {isa = PBXBuildFile; fileRef = 5E2965DF2C10FC9E00A2704B /* Launch Screen.storyboard */; };
		5E300D192C1F6EAF00E46895 /* TextTitle.swift in Sources */ = {isa = PBXBuildFile; fileRef = 5E300D182C1F6EAF00E46895 /* TextTitle.swift */; };
		5EF97E662C122FE00046D107 /* LaunchScreen.swift in Sources */ = {isa = PBXBuildFile; fileRef = 5EF97E652C122FE00046D107 /* LaunchScreen.swift */; };
		5EF97E692C1230330046D107 /* PrimaryButton.swift in Sources */ = {isa = PBXBuildFile; fileRef = 5EF97E682C1230330046D107 /* PrimaryButton.swift */; };
/* End PBXBuildFile section */

/* Begin PBXContainerItemProxy section */
		5E2965972C10ECDF00A2704B /* PBXContainerItemProxy */ = {
			isa = PBXContainerItemProxy;
			containerPortal = 5E29657E2C10ECDC00A2704B /* Project object */;
			proxyType = 1;
			remoteGlobalIDString = 5E2965852C10ECDD00A2704B;
			remoteInfo = Finn;
		};
/* End PBXContainerItemProxy section */

/* Begin PBXFileReference section */
		5E2078512C15C5C000758F1E /* GhostButton.swift */ = {isa = PBXFileReference; lastKnownFileType = sourcecode.swift; path = GhostButton.swift; sourceTree = "<group>"; };
		5E2078542C15C77800758F1E /* ContainerView.swift */ = {isa = PBXFileReference; lastKnownFileType = sourcecode.swift; path = ContainerView.swift; sourceTree = "<group>"; };
		5E2078562C15FFEC00758F1E /* LaunchScreenRouter.swift */ = {isa = PBXFileReference; lastKnownFileType = sourcecode.swift; path = LaunchScreenRouter.swift; sourceTree = "<group>"; };
		5E20785C2C16198200758F1E /* LoginScreen.swift */ = {isa = PBXFileReference; lastKnownFileType = sourcecode.swift; path = LoginScreen.swift; sourceTree = "<group>"; };
		5E2965862C10ECDD00A2704B /* Finn.app */ = {isa = PBXFileReference; explicitFileType = wrapper.application; includeInIndex = 0; path = Finn.app; sourceTree = BUILT_PRODUCTS_DIR; };
		5E2965892C10ECDD00A2704B /* FinnApp.swift */ = {isa = PBXFileReference; lastKnownFileType = sourcecode.swift; path = FinnApp.swift; sourceTree = "<group>"; };
		5E29658D2C10ECDE00A2704B /* Assets.xcassets */ = {isa = PBXFileReference; lastKnownFileType = folder.assetcatalog; path = Assets.xcassets; sourceTree = "<group>"; };
		5E2965902C10ECDE00A2704B /* Preview Assets.xcassets */ = {isa = PBXFileReference; lastKnownFileType = folder.assetcatalog; path = "Preview Assets.xcassets"; sourceTree = "<group>"; };
		5E2965962C10ECDF00A2704B /* FinnTests.xctest */ = {isa = PBXFileReference; explicitFileType = wrapper.cfbundle; includeInIndex = 0; path = FinnTests.xctest; sourceTree = BUILT_PRODUCTS_DIR; };
		5E29659A2C10ECDF00A2704B /* FinnTests.swift */ = {isa = PBXFileReference; lastKnownFileType = sourcecode.swift; path = FinnTests.swift; sourceTree = "<group>"; };
		5E2965B82C10F4AF00A2704B /* Poppins-Light.ttf */ = {isa = PBXFileReference; lastKnownFileType = file; path = "Poppins-Light.ttf"; sourceTree = "<group>"; };
		5E2965BA2C10F4AF00A2704B /* Poppins-Regular.ttf */ = {isa = PBXFileReference; lastKnownFileType = file; path = "Poppins-Regular.ttf"; sourceTree = "<group>"; };
		5E2965C02C10F4B000A2704B /* Poppins-Thin.ttf */ = {isa = PBXFileReference; lastKnownFileType = file; path = "Poppins-Thin.ttf"; sourceTree = "<group>"; };
		5E2965C22C10F4B000A2704B /* Poppins-SemiBold.ttf */ = {isa = PBXFileReference; lastKnownFileType = file; path = "Poppins-SemiBold.ttf"; sourceTree = "<group>"; };
		5E2965C52C10F4B000A2704B /* Poppins-Medium.ttf */ = {isa = PBXFileReference; lastKnownFileType = file; path = "Poppins-Medium.ttf"; sourceTree = "<group>"; };
		5E2965C82C10F4B000A2704B /* Poppins-Bold.ttf */ = {isa = PBXFileReference; lastKnownFileType = file; path = "Poppins-Bold.ttf"; sourceTree = "<group>"; };
		5E2965DC2C10F4EA00A2704B /* Info.plist */ = {isa = PBXFileReference; lastKnownFileType = text.plist; path = Info.plist; sourceTree = "<group>"; };
		5E2965DD2C10F71700A2704B /* Font+.swift */ = {isa = PBXFileReference; lastKnownFileType = sourcecode.swift; path = "Font+.swift"; sourceTree = "<group>"; };
		5E2965DF2C10FC9E00A2704B /* Launch Screen.storyboard */ = {isa = PBXFileReference; lastKnownFileType = file.storyboard; path = "Launch Screen.storyboard"; sourceTree = "<group>"; };
		5E300D182C1F6EAF00E46895 /* TextTitle.swift */ = {isa = PBXFileReference; lastKnownFileType = sourcecode.swift; path = TextTitle.swift; sourceTree = "<group>"; };
		5EF97E652C122FE00046D107 /* LaunchScreen.swift */ = {isa = PBXFileReference; fileEncoding = 4; lastKnownFileType = sourcecode.swift; path = LaunchScreen.swift; sourceTree = "<group>"; };
		5EF97E682C1230330046D107 /* PrimaryButton.swift */ = {isa = PBXFileReference; lastKnownFileType = sourcecode.swift; path = PrimaryButton.swift; sourceTree = "<group>"; };
/* End PBXFileReference section */

/* Begin PBXFrameworksBuildPhase section */
		5E2965832C10ECDD00A2704B /* Frameworks */ = {
			isa = PBXFrameworksBuildPhase;
			buildActionMask = 2147483647;
			files = (
			);
			runOnlyForDeploymentPostprocessing = 0;
		};
		5E2965932C10ECDF00A2704B /* Frameworks */ = {
			isa = PBXFrameworksBuildPhase;
			buildActionMask = 2147483647;
			files = (
			);
			runOnlyForDeploymentPostprocessing = 0;
		};
/* End PBXFrameworksBuildPhase section */

/* Begin PBXGroup section */
		5E2078532C15C76B00758F1E /* Views */ = {
			isa = PBXGroup;
			children = (
				5E2078542C15C77800758F1E /* ContainerView.swift */,
			);
			path = Views;
			sourceTree = "<group>";
		};
		5E20785E2C161AB200758F1E /* LaunchScreen */ = {
			isa = PBXGroup;
			children = (
				5EF97E652C122FE00046D107 /* LaunchScreen.swift */,
				5E2078562C15FFEC00758F1E /* LaunchScreenRouter.swift */,
			);
			path = LaunchScreen;
			sourceTree = "<group>";
		};
		5E20785F2C161AEB00758F1E /* LoginScreen */ = {
			isa = PBXGroup;
			children = (
				5E20785C2C16198200758F1E /* LoginScreen.swift */,
			);
			path = LoginScreen;
			sourceTree = "<group>";
		};
		5E29657D2C10ECDC00A2704B = {
			isa = PBXGroup;
			children = (
				5E2965882C10ECDD00A2704B /* Finn */,
				5E2965992C10ECDF00A2704B /* FinnTests */,
				5E2965872C10ECDD00A2704B /* Products */,
			);
			sourceTree = "<group>";
		};
		5E2965872C10ECDD00A2704B /* Products */ = {
			isa = PBXGroup;
			children = (
				5E2965862C10ECDD00A2704B /* Finn.app */,
				5E2965962C10ECDF00A2704B /* FinnTests.xctest */,
			);
			name = Products;
			sourceTree = "<group>";
		};
		5E2965882C10ECDD00A2704B /* Finn */ = {
			isa = PBXGroup;
			children = (
				5E2965DC2C10F4EA00A2704B /* Info.plist */,
				5E2965B62C10F3EA00A2704B /* Assets */,
				5E2078532C15C76B00758F1E /* Views */,
				5EF97E672C12301F0046D107 /* Styles */,
				5E2965B32C10EF5600A2704B /* LaunchScreens */,
				5E2965892C10ECDD00A2704B /* FinnApp.swift */,
				5E2965DF2C10FC9E00A2704B /* Launch Screen.storyboard */,
			);
			path = Finn;
			sourceTree = "<group>";
		};
		5E29658F2C10ECDE00A2704B /* Preview Content */ = {
			isa = PBXGroup;
			children = (
				5E2965902C10ECDE00A2704B /* Preview Assets.xcassets */,
			);
			path = "Preview Content";
			sourceTree = "<group>";
		};
		5E2965992C10ECDF00A2704B /* FinnTests */ = {
			isa = PBXGroup;
			children = (
				5E29659A2C10ECDF00A2704B /* FinnTests.swift */,
			);
			path = FinnTests;
			sourceTree = "<group>";
		};
		5E2965B32C10EF5600A2704B /* LaunchScreens */ = {
			isa = PBXGroup;
			children = (
				5E20785E2C161AB200758F1E /* LaunchScreen */,
				5E20785F2C161AEB00758F1E /* LoginScreen */,
			);
			path = LaunchScreens;
			sourceTree = "<group>";
		};
		5E2965B62C10F3EA00A2704B /* Assets */ = {
			isa = PBXGroup;
			children = (
				5E2965B72C10F4A400A2704B /* Fonts */,
				5E29658F2C10ECDE00A2704B /* Preview Content */,
				5E29658D2C10ECDE00A2704B /* Assets.xcassets */,
			);
			path = Assets;
			sourceTree = "<group>";
		};
		5E2965B72C10F4A400A2704B /* Fonts */ = {
			isa = PBXGroup;
			children = (
				5E2965C82C10F4B000A2704B /* Poppins-Bold.ttf */,
				5E2965B82C10F4AF00A2704B /* Poppins-Light.ttf */,
				5E2965C52C10F4B000A2704B /* Poppins-Medium.ttf */,
				5E2965BA2C10F4AF00A2704B /* Poppins-Regular.ttf */,
				5E2965C22C10F4B000A2704B /* Poppins-SemiBold.ttf */,
				5E2965C02C10F4B000A2704B /* Poppins-Thin.ttf */,
				5E2965DD2C10F71700A2704B /* Font+.swift */,
			);
			path = Fonts;
			sourceTree = "<group>";
		};
		5E300D162C1F6E8B00E46895 /* Components */ = {
			isa = PBXGroup;
			children = (
				5EF97E682C1230330046D107 /* PrimaryButton.swift */,
				5E2078512C15C5C000758F1E /* GhostButton.swift */,
			);
			path = Components;
			sourceTree = "<group>";
		};
		5E300D172C1F6E9700E46895 /* Modifiers */ = {
			isa = PBXGroup;
			children = (
				5E300D182C1F6EAF00E46895 /* TextTitle.swift */,
			);
			path = Modifiers;
			sourceTree = "<group>";
		};
		5EF97E672C12301F0046D107 /* Styles */ = {
			isa = PBXGroup;
			children = (
				5E300D172C1F6E9700E46895 /* Modifiers */,
				5E300D162C1F6E8B00E46895 /* Components */,
			);
			path = Styles;
			sourceTree = "<group>";
		};
/* End PBXGroup section */

/* Begin PBXNativeTarget section */
		5E2965852C10ECDD00A2704B /* Finn */ = {
			isa = PBXNativeTarget;
			buildConfigurationList = 5E2965AA2C10ECDF00A2704B /* Build configuration list for PBXNativeTarget "Finn" */;
			buildPhases = (
				5E2965822C10ECDD00A2704B /* Sources */,
				5E2965832C10ECDD00A2704B /* Frameworks */,
				5E2965842C10ECDD00A2704B /* Resources */,
			);
			buildRules = (
			);
			dependencies = (
			);
			name = Finn;
			productName = Finn;
			productReference = 5E2965862C10ECDD00A2704B /* Finn.app */;
			productType = "com.apple.product-type.application";
		};
		5E2965952C10ECDF00A2704B /* FinnTests */ = {
			isa = PBXNativeTarget;
			buildConfigurationList = 5E2965AD2C10ECDF00A2704B /* Build configuration list for PBXNativeTarget "FinnTests" */;
			buildPhases = (
				5E2965922C10ECDF00A2704B /* Sources */,
				5E2965932C10ECDF00A2704B /* Frameworks */,
				5E2965942C10ECDF00A2704B /* Resources */,
			);
			buildRules = (
			);
			dependencies = (
				5E2965982C10ECDF00A2704B /* PBXTargetDependency */,
			);
			name = FinnTests;
			productName = FinnTests;
			productReference = 5E2965962C10ECDF00A2704B /* FinnTests.xctest */;
			productType = "com.apple.product-type.bundle.unit-test";
		};
/* End PBXNativeTarget section */

/* Begin PBXProject section */
		5E29657E2C10ECDC00A2704B /* Project object */ = {
			isa = PBXProject;
			attributes = {
				BuildIndependentTargetsInParallel = 1;
				LastSwiftUpdateCheck = 1530;
				LastUpgradeCheck = 1530;
				TargetAttributes = {
					5E2965852C10ECDD00A2704B = {
						CreatedOnToolsVersion = 15.3;
					};
					5E2965952C10ECDF00A2704B = {
						CreatedOnToolsVersion = 15.3;
						TestTargetID = 5E2965852C10ECDD00A2704B;
					};
				};
			};
			buildConfigurationList = 5E2965812C10ECDC00A2704B /* Build configuration list for PBXProject "Finn" */;
			compatibilityVersion = "Xcode 14.0";
			developmentRegion = en;
			hasScannedForEncodings = 0;
			knownRegions = (
				en,
				Base,
			);
			mainGroup = 5E29657D2C10ECDC00A2704B;
			productRefGroup = 5E2965872C10ECDD00A2704B /* Products */;
			projectDirPath = "";
			projectRoot = "";
			targets = (
				5E2965852C10ECDD00A2704B /* Finn */,
				5E2965952C10ECDF00A2704B /* FinnTests */,
			);
		};
/* End PBXProject section */

/* Begin PBXResourcesBuildPhase section */
		5E2965842C10ECDD00A2704B /* Resources */ = {
			isa = PBXResourcesBuildPhase;
			buildActionMask = 2147483647;
			files = (
				5E2965912C10ECDE00A2704B /* Preview Assets.xcassets in Resources */,
				5E2965DA2C10F4B000A2704B /* Poppins-Bold.ttf in Resources */,
				5E2965D72C10F4B000A2704B /* Poppins-Medium.ttf in Resources */,
				5E2965E02C10FC9E00A2704B /* Launch Screen.storyboard in Resources */,
				5E2965D42C10F4B000A2704B /* Poppins-SemiBold.ttf in Resources */,
				5E2965CA2C10F4B000A2704B /* Poppins-Light.ttf in Resources */,
				5E29658E2C10ECDE00A2704B /* Assets.xcassets in Resources */,
				5E2965D22C10F4B000A2704B /* Poppins-Thin.ttf in Resources */,
				5E2965CC2C10F4B000A2704B /* Poppins-Regular.ttf in Resources */,
			);
			runOnlyForDeploymentPostprocessing = 0;
		};
		5E2965942C10ECDF00A2704B /* Resources */ = {
			isa = PBXResourcesBuildPhase;
			buildActionMask = 2147483647;
			files = (
			);
			runOnlyForDeploymentPostprocessing = 0;
		};
/* End PBXResourcesBuildPhase section */

/* Begin PBXSourcesBuildPhase section */
		5E2965822C10ECDD00A2704B /* Sources */ = {
			isa = PBXSourcesBuildPhase;
			buildActionMask = 2147483647;
			files = (
				5E2965DE2C10F71700A2704B /* Font+.swift in Sources */,
				5E2078572C15FFEC00758F1E /* LaunchScreenRouter.swift in Sources */,
				5E29658A2C10ECDD00A2704B /* FinnApp.swift in Sources */,
				5E2078552C15C77800758F1E /* ContainerView.swift in Sources */,
				5E2078522C15C5C000758F1E /* GhostButton.swift in Sources */,
				5E20785D2C16198200758F1E /* LoginScreen.swift in Sources */,
				5EF97E692C1230330046D107 /* PrimaryButton.swift in Sources */,
				5EF97E662C122FE00046D107 /* LaunchScreen.swift in Sources */,
				5E300D192C1F6EAF00E46895 /* TextTitle.swift in Sources */,
			);
			runOnlyForDeploymentPostprocessing = 0;
		};
		5E2965922C10ECDF00A2704B /* Sources */ = {
			isa = PBXSourcesBuildPhase;
			buildActionMask = 2147483647;
			files = (
				5E29659B2C10ECDF00A2704B /* FinnTests.swift in Sources */,
			);
			runOnlyForDeploymentPostprocessing = 0;
		};
/* End PBXSourcesBuildPhase section */

/* Begin PBXTargetDependency section */
		5E2965982C10ECDF00A2704B /* PBXTargetDependency */ = {
			isa = PBXTargetDependency;
			target = 5E2965852C10ECDD00A2704B /* Finn */;
			targetProxy = 5E2965972C10ECDF00A2704B /* PBXContainerItemProxy */;
		};
/* End PBXTargetDependency section */

/* Begin XCBuildConfiguration section */
		5E2965A82C10ECDF00A2704B /* Debug */ = {
			isa = XCBuildConfiguration;
			buildSettings = {
				ALWAYS_SEARCH_USER_PATHS = NO;
				ASSETCATALOG_COMPILER_GENERATE_SWIFT_ASSET_SYMBOL_EXTENSIONS = YES;
				CLANG_ANALYZER_NONNULL = YES;
				CLANG_ANALYZER_NUMBER_OBJECT_CONVERSION = YES_AGGRESSIVE;
				CLANG_CXX_LANGUAGE_STANDARD = "gnu++20";
				CLANG_ENABLE_MODULES = YES;
				CLANG_ENABLE_OBJC_ARC = YES;
				CLANG_ENABLE_OBJC_WEAK = YES;
				CLANG_WARN_BLOCK_CAPTURE_AUTORELEASING = YES;
				CLANG_WARN_BOOL_CONVERSION = YES;
				CLANG_WARN_COMMA = YES;
				CLANG_WARN_CONSTANT_CONVERSION = YES;
				CLANG_WARN_DEPRECATED_OBJC_IMPLEMENTATIONS = YES;
				CLANG_WARN_DIRECT_OBJC_ISA_USAGE = YES_ERROR;
				CLANG_WARN_DOCUMENTATION_COMMENTS = YES;
				CLANG_WARN_EMPTY_BODY = YES;
				CLANG_WARN_ENUM_CONVERSION = YES;
				CLANG_WARN_INFINITE_RECURSION = YES;
				CLANG_WARN_INT_CONVERSION = YES;
				CLANG_WARN_NON_LITERAL_NULL_CONVERSION = YES;
				CLANG_WARN_OBJC_IMPLICIT_RETAIN_SELF = YES;
				CLANG_WARN_OBJC_LITERAL_CONVERSION = YES;
				CLANG_WARN_OBJC_ROOT_CLASS = YES_ERROR;
				CLANG_WARN_QUOTED_INCLUDE_IN_FRAMEWORK_HEADER = YES;
				CLANG_WARN_RANGE_LOOP_ANALYSIS = YES;
				CLANG_WARN_STRICT_PROTOTYPES = YES;
				CLANG_WARN_SUSPICIOUS_MOVE = YES;
				CLANG_WARN_UNGUARDED_AVAILABILITY = YES_AGGRESSIVE;
				CLANG_WARN_UNREACHABLE_CODE = YES;
				CLANG_WARN__DUPLICATE_METHOD_MATCH = YES;
				COPY_PHASE_STRIP = NO;
				DEBUG_INFORMATION_FORMAT = dwarf;
				ENABLE_STRICT_OBJC_MSGSEND = YES;
				ENABLE_TESTABILITY = YES;
				ENABLE_USER_SCRIPT_SANDBOXING = YES;
				GCC_C_LANGUAGE_STANDARD = gnu17;
				GCC_DYNAMIC_NO_PIC = NO;
				GCC_NO_COMMON_BLOCKS = YES;
				GCC_OPTIMIZATION_LEVEL = 0;
				GCC_PREPROCESSOR_DEFINITIONS = (
					"DEBUG=1",
					"$(inherited)",
				);
				GCC_WARN_64_TO_32_BIT_CONVERSION = YES;
				GCC_WARN_ABOUT_RETURN_TYPE = YES_ERROR;
				GCC_WARN_UNDECLARED_SELECTOR = YES;
				GCC_WARN_UNINITIALIZED_AUTOS = YES_AGGRESSIVE;
				GCC_WARN_UNUSED_FUNCTION = YES;
				GCC_WARN_UNUSED_VARIABLE = YES;
				IPHONEOS_DEPLOYMENT_TARGET = 17.0;
				LOCALIZATION_PREFERS_STRING_CATALOGS = YES;
				MTL_ENABLE_DEBUG_INFO = INCLUDE_SOURCE;
				MTL_FAST_MATH = YES;
				ONLY_ACTIVE_ARCH = YES;
				SDKROOT = iphoneos;
				SWIFT_ACTIVE_COMPILATION_CONDITIONS = "DEBUG $(inherited)";
				SWIFT_OPTIMIZATION_LEVEL = "-Onone";
			};
			name = Debug;
		};
		5E2965A92C10ECDF00A2704B /* Release */ = {
			isa = XCBuildConfiguration;
			buildSettings = {
				ALWAYS_SEARCH_USER_PATHS = NO;
				ASSETCATALOG_COMPILER_GENERATE_SWIFT_ASSET_SYMBOL_EXTENSIONS = YES;
				CLANG_ANALYZER_NONNULL = YES;
				CLANG_ANALYZER_NUMBER_OBJECT_CONVERSION = YES_AGGRESSIVE;
				CLANG_CXX_LANGUAGE_STANDARD = "gnu++20";
				CLANG_ENABLE_MODULES = YES;
				CLANG_ENABLE_OBJC_ARC = YES;
				CLANG_ENABLE_OBJC_WEAK = YES;
				CLANG_WARN_BLOCK_CAPTURE_AUTORELEASING = YES;
				CLANG_WARN_BOOL_CONVERSION = YES;
				CLANG_WARN_COMMA = YES;
				CLANG_WARN_CONSTANT_CONVERSION = YES;
				CLANG_WARN_DEPRECATED_OBJC_IMPLEMENTATIONS = YES;
				CLANG_WARN_DIRECT_OBJC_ISA_USAGE = YES_ERROR;
				CLANG_WARN_DOCUMENTATION_COMMENTS = YES;
				CLANG_WARN_EMPTY_BODY = YES;
				CLANG_WARN_ENUM_CONVERSION = YES;
				CLANG_WARN_INFINITE_RECURSION = YES;
				CLANG_WARN_INT_CONVERSION = YES;
				CLANG_WARN_NON_LITERAL_NULL_CONVERSION = YES;
				CLANG_WARN_OBJC_IMPLICIT_RETAIN_SELF = YES;
				CLANG_WARN_OBJC_LITERAL_CONVERSION = YES;
				CLANG_WARN_OBJC_ROOT_CLASS = YES_ERROR;
				CLANG_WARN_QUOTED_INCLUDE_IN_FRAMEWORK_HEADER = YES;
				CLANG_WARN_RANGE_LOOP_ANALYSIS = YES;
				CLANG_WARN_STRICT_PROTOTYPES = YES;
				CLANG_WARN_SUSPICIOUS_MOVE = YES;
				CLANG_WARN_UNGUARDED_AVAILABILITY = YES_AGGRESSIVE;
				CLANG_WARN_UNREACHABLE_CODE = YES;
				CLANG_WARN__DUPLICATE_METHOD_MATCH = YES;
				COPY_PHASE_STRIP = NO;
				DEBUG_INFORMATION_FORMAT = "dwarf-with-dsym";
				ENABLE_NS_ASSERTIONS = NO;
				ENABLE_STRICT_OBJC_MSGSEND = YES;
				ENABLE_USER_SCRIPT_SANDBOXING = YES;
				GCC_C_LANGUAGE_STANDARD = gnu17;
				GCC_NO_COMMON_BLOCKS = YES;
				GCC_WARN_64_TO_32_BIT_CONVERSION = YES;
				GCC_WARN_ABOUT_RETURN_TYPE = YES_ERROR;
				GCC_WARN_UNDECLARED_SELECTOR = YES;
				GCC_WARN_UNINITIALIZED_AUTOS = YES_AGGRESSIVE;
				GCC_WARN_UNUSED_FUNCTION = YES;
				GCC_WARN_UNUSED_VARIABLE = YES;
				IPHONEOS_DEPLOYMENT_TARGET = 17.0;
				LOCALIZATION_PREFERS_STRING_CATALOGS = YES;
				MTL_ENABLE_DEBUG_INFO = NO;
				MTL_FAST_MATH = YES;
				SDKROOT = iphoneos;
				SWIFT_COMPILATION_MODE = wholemodule;
				VALIDATE_PRODUCT = YES;
			};
			name = Release;
		};
		5E2965AB2C10ECDF00A2704B /* Debug */ = {
			isa = XCBuildConfiguration;
			buildSettings = {
				ASSETCATALOG_COMPILER_APPICON_NAME = AppIcon;
				ASSETCATALOG_COMPILER_GLOBAL_ACCENT_COLOR_NAME = AccentColor;
				ASSETCATALOG_COMPILER_INCLUDE_ALL_APPICON_ASSETS = NO;
				CODE_SIGN_STYLE = Automatic;
				CURRENT_PROJECT_VERSION = 1;
				DEVELOPMENT_ASSET_PATHS = "\"Finn/Assets/Preview Content\"";
				DEVELOPMENT_TEAM = X7JCT2793N;
				ENABLE_PREVIEWS = YES;
				GENERATE_INFOPLIST_FILE = YES;
				INFOPLIST_FILE = Finn/Info.plist;
				INFOPLIST_KEY_UIApplicationSceneManifest_Generation = YES;
				INFOPLIST_KEY_UIApplicationSupportsIndirectInputEvents = YES;
				INFOPLIST_KEY_UILaunchScreen_Generation = YES;
				INFOPLIST_KEY_UILaunchStoryboardName = "Launch Screen.storyboard";
				INFOPLIST_KEY_UISupportedInterfaceOrientations_iPad = "UIInterfaceOrientationPortrait UIInterfaceOrientationPortraitUpsideDown UIInterfaceOrientationLandscapeLeft UIInterfaceOrientationLandscapeRight";
				INFOPLIST_KEY_UISupportedInterfaceOrientations_iPhone = "UIInterfaceOrientationPortrait UIInterfaceOrientationLandscapeLeft UIInterfaceOrientationLandscapeRight";
				LD_RUNPATH_SEARCH_PATHS = (
					"$(inherited)",
					"@executable_path/Frameworks",
				);
				MARKETING_VERSION = 1.0;
				PRODUCT_BUNDLE_IDENTIFIER = com.makovey.Finn;
				PRODUCT_NAME = "$(TARGET_NAME)";
				SUPPORTED_PLATFORMS = "iphoneos iphonesimulator";
				SUPPORTS_MACCATALYST = NO;
				SUPPORTS_XR_DESIGNED_FOR_IPHONE_IPAD = NO;
				SWIFT_EMIT_LOC_STRINGS = YES;
				SWIFT_VERSION = 5.0;
				TARGETED_DEVICE_FAMILY = 1;
			};
			name = Debug;
		};
		5E2965AC2C10ECDF00A2704B /* Release */ = {
			isa = XCBuildConfiguration;
			buildSettings = {
				ASSETCATALOG_COMPILER_APPICON_NAME = AppIcon;
				ASSETCATALOG_COMPILER_GLOBAL_ACCENT_COLOR_NAME = AccentColor;
				ASSETCATALOG_COMPILER_INCLUDE_ALL_APPICON_ASSETS = NO;
				CODE_SIGN_STYLE = Automatic;
				CURRENT_PROJECT_VERSION = 1;
				DEVELOPMENT_ASSET_PATHS = "\"Finn/Assets/Preview Content\"";
				DEVELOPMENT_TEAM = X7JCT2793N;
				ENABLE_PREVIEWS = YES;
				GENERATE_INFOPLIST_FILE = YES;
				INFOPLIST_FILE = Finn/Info.plist;
				INFOPLIST_KEY_UIApplicationSceneManifest_Generation = YES;
				INFOPLIST_KEY_UIApplicationSupportsIndirectInputEvents = YES;
				INFOPLIST_KEY_UILaunchScreen_Generation = YES;
				INFOPLIST_KEY_UILaunchStoryboardName = "Launch Screen.storyboard";
				INFOPLIST_KEY_UISupportedInterfaceOrientations_iPad = "UIInterfaceOrientationPortrait UIInterfaceOrientationPortraitUpsideDown UIInterfaceOrientationLandscapeLeft UIInterfaceOrientationLandscapeRight";
				INFOPLIST_KEY_UISupportedInterfaceOrientations_iPhone = "UIInterfaceOrientationPortrait UIInterfaceOrientationLandscapeLeft UIInterfaceOrientationLandscapeRight";
				LD_RUNPATH_SEARCH_PATHS = (
					"$(inherited)",
					"@executable_path/Frameworks",
				);
				MARKETING_VERSION = 1.0;
				PRODUCT_BUNDLE_IDENTIFIER = com.makovey.Finn;
				PRODUCT_NAME = "$(TARGET_NAME)";
				SUPPORTED_PLATFORMS = "iphoneos iphonesimulator";
				SUPPORTS_MACCATALYST = NO;
				SUPPORTS_XR_DESIGNED_FOR_IPHONE_IPAD = NO;
				SWIFT_EMIT_LOC_STRINGS = YES;
				SWIFT_VERSION = 5.0;
				TARGETED_DEVICE_FAMILY = 1;
			};
			name = Release;
		};
		5E2965AE2C10ECDF00A2704B /* Debug */ = {
			isa = XCBuildConfiguration;
			buildSettings = {
				ALWAYS_EMBED_SWIFT_STANDARD_LIBRARIES = YES;
				BUNDLE_LOADER = "$(TEST_HOST)";
				CODE_SIGN_STYLE = Automatic;
				CURRENT_PROJECT_VERSION = 1;
				DEVELOPMENT_TEAM = X7JCT2793N;
				GENERATE_INFOPLIST_FILE = YES;
				IPHONEOS_DEPLOYMENT_TARGET = 17.0;
				MARKETING_VERSION = 1.0;
				PRODUCT_BUNDLE_IDENTIFIER = com.makovey.FinnTests;
				PRODUCT_NAME = "$(TARGET_NAME)";
				SWIFT_EMIT_LOC_STRINGS = NO;
				SWIFT_VERSION = 5.0;
				TARGETED_DEVICE_FAMILY = "1,2";
				TEST_HOST = "$(BUILT_PRODUCTS_DIR)/Finn.app/$(BUNDLE_EXECUTABLE_FOLDER_PATH)/Finn";
			};
			name = Debug;
		};
		5E2965AF2C10ECDF00A2704B /* Release */ = {
			isa = XCBuildConfiguration;
			buildSettings = {
				ALWAYS_EMBED_SWIFT_STANDARD_LIBRARIES = YES;
				BUNDLE_LOADER = "$(TEST_HOST)";
				CODE_SIGN_STYLE = Automatic;
				CURRENT_PROJECT_VERSION = 1;
				DEVELOPMENT_TEAM = X7JCT2793N;
				GENERATE_INFOPLIST_FILE = YES;
				IPHONEOS_DEPLOYMENT_TARGET = 17.0;
				MARKETING_VERSION = 1.0;
				PRODUCT_BUNDLE_IDENTIFIER = com.makovey.FinnTests;
				PRODUCT_NAME = "$(TARGET_NAME)";
				SWIFT_EMIT_LOC_STRINGS = NO;
				SWIFT_VERSION = 5.0;
				TARGETED_DEVICE_FAMILY = "1,2";
				TEST_HOST = "$(BUILT_PRODUCTS_DIR)/Finn.app/$(BUNDLE_EXECUTABLE_FOLDER_PATH)/Finn";
			};
			name = Release;
		};
/* End XCBuildConfiguration section */

/* Begin XCConfigurationList section */
		5E2965812C10ECDC00A2704B /* Build configuration list for PBXProject "Finn" */ = {
			isa = XCConfigurationList;
			buildConfigurations = (
				5E2965A82C10ECDF00A2704B /* Debug */,
				5E2965A92C10ECDF00A2704B /* Release */,
			);
			defaultConfigurationIsVisible = 0;
			defaultConfigurationName = Release;
		};
		5E2965AA2C10ECDF00A2704B /* Build configuration list for PBXNativeTarget "Finn" */ = {
			isa = XCConfigurationList;
			buildConfigurations = (
				5E2965AB2C10ECDF00A2704B /* Debug */,
				5E2965AC2C10ECDF00A2704B /* Release */,
			);
			defaultConfigurationIsVisible = 0;
			defaultConfigurationName = Release;
		};
		5E2965AD2C10ECDF00A2704B /* Build configuration list for PBXNativeTarget "FinnTests" */ = {
			isa = XCConfigurationList;
			buildConfigurations = (
				5E2965AE2C10ECDF00A2704B /* Debug */,
				5E2965AF2C10ECDF00A2704B /* Release */,
			);
			defaultConfigurationIsVisible = 0;
			defaultConfigurationName = Release;
		};
/* End XCConfigurationList section */
	};
	rootObject = 5E29657E2C10ECDC00A2704B /* Project object */;
}
